
Microsoft Visual Studio Solution File, Format Version 12.00
# Visual Studio 14
VisualStudioVersion = 14.0.24720.0
MinimumVisualStudioVersion = 10.0.40219.1
Project("{8BC9CEB8-8B4A-11D0-8D11-00A0C91BC942}") = "ScriptPVF", "ScriptPVF\ScriptPVF.vcxproj", "{B2BE1DFD-3BC1-4BA6-81B2-75ED5CBDD589}"
EndProject
Global
	GlobalSection(SolutionConfigurationPlatforms) = preSolution
		Debug|Win32 = Debug|Win32
		Release|Win32 = Release|Win32
	EndGlobalSection
	GlobalSection(ProjectConfigurationPlatforms) = postSolution
		{B2BE1DFD-3BC1-4BA6-81B2-75ED5CBDD589}.Debug|Win32.ActiveCfg = Debug|Win32
		{B2BE1DFD-3BC1-4BA6-81B2-75ED5CBDD589}.Debug|Win32.Build.0 = Debug|Win32
		{B2BE1DFD-3BC1-4BA6-81B2-75ED5CBDD589}.Release|Win32.ActiveCfg = Release|Win32
		{B2BE1DFD-3BC1-4BA6-81B2-75ED5CBDD589}.Release|Win32.Build.0 = Release|Win32
	EndGlobalSection
	GlobalSection(SolutionProperties) = preSolution
		HideSolutionNode = FALSE
	EndGlobalSection
EndGlobal
